# This file is autogenerated, do not edit; changes may be undone by the next 'dep ensure'.


[[projects]]
  branch = "master"
  name = "github.com/armon/go-radix"
  packages = ["."]
  revision = "1fca145dffbcaa8fe914309b1ec0cfc67500fe61"

[[projects]]
  name = "github.com/coreos/etcd"
  packages = ["auth/authpb","clientv3","clientv3/concurrency","etcdserver/api/v3rpc/rpctypes","etcdserver/etcdserverpb","mvcc/mvccpb"]
  revision = "bb66589f8cf18960c7f3d56b1b83753caeed9c7a"
  version = "v3.2.7"

[[projects]]
  branch = "master"
  name = "github.com/coreswitch/cmd"
  packages = ["."]
  revision = "39afb7adac20fdbec5bc09cbfe748b5f1f01baa2"

[[projects]]
  name = "github.com/coreswitch/component"
  packages = ["."]
  revision = "139dd937653e32f3e1cf7c792537eed810e44ed9"
  version = "v1.0.0"

[[projects]]
  name = "github.com/coreswitch/dependency"
  packages = ["."]
  revision = "3e49398de080327bd53102f1c6ad74eaf4219d16"
  version = "v1.0.0"

[[projects]]
  branch = "master"
  name = "github.com/coreswitch/goyang"
  packages = ["pkg/yang"]
  revision = "e42647ee0bf7bdc8d961b8f5a6ef282a5ed949f3"

[[projects]]
  branch = "master"
  name = "github.com/coreswitch/log"
  packages = ["."]
  revision = "d8b10daa33537a44d9a4e2e8999e84d6b326ef98"

[[projects]]
  branch = "master"
  name = "github.com/coreswitch/netutil"
  packages = ["."]
  revision = "864e606f83f439ecd34b6a9789e2eb9da03e2605"

[[projects]]
  branch = "master"
  name = "github.com/coreswitch/process"
  packages = ["."]
  revision = "619609a46467f79930d749841ddd1d67b8387511"

[[projects]]
  name = "github.com/eapache/channels"
  packages = ["."]
  revision = "47238d5aae8c0fefd518ef2bee46290909cf8263"
  version = "v1.1.0"

[[projects]]
  name = "github.com/eapache/queue"
  packages = ["."]
  revision = "44cc805cf13205b55f69e14bcb69867d1ae92f98"
  version = "v1.1.0"

[[projects]]
  branch = "master"
  name = "github.com/fsnotify/fsnotify"
  packages = ["."]
  revision = "4da3e2cfbabc9f751898f250b49f2439785783a1"

[[projects]]
  name = "github.com/golang/protobuf"
  packages = ["proto"]
  revision = "130e6b02ab059e7b717a096f397c5b60111cae74"

[[projects]]
  name = "github.com/hashicorp/hcl"
  packages = [".","hcl/ast","hcl/parser","hcl/scanner","hcl/strconv","hcl/token","json/parser","json/scanner","json/token"]
  revision = "68e816d1c783414e79bc65b3994d9ab6b0a722ab"

[[projects]]
  name = "github.com/influxdata/influxdb"
  packages = ["client/v2","models","pkg/escape"]
  revision = "7d1c32fb965d82501ba90270574c6185ceacbd65"

[[projects]]
  branch = "master"
  name = "github.com/jessevdk/go-flags"
  packages = ["."]
  revision = "f88afde2fa19a30cf50ba4b05b3d13bc6bae3079"

[[projects]]
  name = "github.com/magiconair/properties"
  packages = ["."]
  revision = "8d7837e64d3c1ee4e54a880c5a920ab4316fc90a"

[[projects]]
  name = "github.com/mitchellh/mapstructure"
  packages = ["."]
  revision = "d0303fe809921458f417bcf828397a65db30a7e4"

[[projects]]
  name = "github.com/openconfig/goyang"
  packages = ["pkg/indent"]
  revision = "66e0431d55ee33be545e0df7fbc727f2e3222c99"

[[projects]]
  name = "github.com/osrg/gobgp"
  packages = ["api","client","config","packet/bgp","packet/bmp","packet/mrt","packet/rtr","server","table","zebra"]
  revision = "7442236025fb2ed80ea2d07e2faff433696727c7"
  source = "git@github.com:hash-set/gobgp.git"

[[projects]]
  name = "github.com/pelletier/go-toml"
  packages = ["."]
  revision = "16398bac157da96aa88f98a2df640c7f32af1da2"
  version = "v1.0.1"

[[projects]]
  branch = "master"
  name = "github.com/satori/go.uuid"
  packages = ["."]
  revision = "5bf94b69c6b68ee1b541973bb8e1144db23a194b"

[[projects]]
  name = "github.com/sirupsen/logrus"
  packages = ["."]
  revision = "89742aefa4b206dcf400792f3bd35b542998eb3b"

[[projects]]
  name = "github.com/spf13/afero"
  packages = [".","mem"]
  revision = "ee1bd8ee15a1306d1f9201acc41ef39cd9f99a1b"

[[projects]]
  name = "github.com/spf13/cast"
  packages = ["."]
  revision = "acbeb36b902d72a7a4c18e8f3241075e7ab763e4"
  version = "v1.1.0"

[[projects]]
  branch = "master"
  name = "github.com/spf13/jwalterweatherman"
  packages = ["."]
  revision = "12bd96e66386c1960ab0f74ced1362f66f552f7b"

[[projects]]
  name = "github.com/spf13/pflag"
  packages = ["."]
  revision = "08b1a584251b5b62f458943640fc8ebd4d50aaa5"

[[projects]]
  name = "github.com/spf13/viper"
  packages = ["."]
  revision = "25b30aa063fc18e48662b86996252eabdcf2f0c7"
  version = "v1.0.0"

[[projects]]
  name = "github.com/twinj/uuid"
  packages = ["."]
  revision = "7bbe408d339787c56ec15568c947c0959db1b275"
  version = "v0.1.0"

[[projects]]
  name = "github.com/vishvananda/netlink"
  packages = [".","nl"]
  revision = "177f1ceba557262b3f1c3aba4df93a29199fb4eb"

[[projects]]
  name = "github.com/vishvananda/netns"
  packages = ["."]
  revision = "86bef332bfc3b59b7624a600bd53009ce91a9829"

[[projects]]
  name = "golang.org/x/crypto"
  packages = ["ssh/terminal"]
  revision = "1351f936d976c60a0a48d728281922cf63eafb8d"

[[projects]]
  name = "golang.org/x/net"
  packages = ["context","http2","http2/hpack","idna","internal/timeseries","lex/httplex","trace"]
  revision = "c8c74377599bd978aee1cf3b9b63a8634051cec2"

[[projects]]
  name = "golang.org/x/sys"
  packages = ["unix"]
  revision = "e48874b42435b4347fc52bdee0424a52abc974d7"

[[projects]]
  name = "golang.org/x/text"
  packages = ["collate","collate/build","internal/colltab","internal/gen","internal/tag","internal/triegen","internal/ucd","language","secure/bidirule","transform","unicode/bidi","unicode/cldr","unicode/norm","unicode/rangetable"]
  revision = "1cbadb444a806fd9430d14ad08967ed91da4fa0a"

[[projects]]
  name = "google.golang.org/grpc"
  packages = [".","codes","credentials","grpclog","internal","keepalive","metadata","naming","peer","stats","tap","transport"]
  revision = "8050b9cbc271307e5a716a9d782803d09b0d6f2d"
  version = "v1.2.1"

[[projects]]
  branch = "v2"
  name = "gopkg.in/tomb.v2"
  packages = ["."]
  revision = "d5d1b5820637886def9eef33e03a27a9f166942c"

[[projects]]
  name = "gopkg.in/yaml.v2"
  packages = ["."]
  revision = "cd8b52f8269e0feb286dfeef29f8fe4d5b397e0b"

[solve-meta]
  analyzer-name = "dep"
  analyzer-version = 1
  inputs-digest = "627ea1cec3bb14df5e969f34969e8f823fe66da633adcdf1451f00dcd60eb5cf"
  solver-name = "gps-cdcl"
  solver-version = 1
